
Microsoft Visual Studio Solution File, Format Version 12.00
# Visual Studio Version 16
VisualStudioVersion = 16.0.31402.337
MinimumVisualStudioVersion = 10.0.40219.1
Project("{FAE04EC0-301F-11D3-BF4B-00C04F79EFBC}") = "TwinsDashboardApp", "TwinsDashboardApp.csproj", "{7639842E-7672-4F9F-BFF4-D4F1483490D9}"
EndProject
Global
	GlobalSection(SolutionConfigurationPlatforms) = preSolution
		Debug|Any CPU = Debug|Any CPU
		Release|Any CPU = Release|Any CPU
	EndGlobalSection
	GlobalSection(ProjectConfigurationPlatforms) = postSolution
		{7639842E-7672-4F9F-BFF4-D4F1483490D9}.Debug|Any CPU.ActiveCfg = Debug|Any CPU
		{7639842E-7672-4F9F-BFF4-D4F1483490D9}.Debug|Any CPU.Build.0 = Debug|Any CPU
		{7639842E-7672-4F9F-BFF4-D4F1483490D9}.Release|Any CPU.ActiveCfg = Release|Any CPU
		{7639842E-7672-4F9F-BFF4-D4F1483490D9}.Release|Any CPU.Build.0 = Release|Any CPU
	EndGlobalSection
	GlobalSection(SolutionProperties) = preSolution
		HideSolutionNode = FALSE
	EndGlobalSection
	GlobalSection(ExtensibilityGlobals) = postSolution
		SolutionGuid = {9D527322-9B24-49A5-B073-B6CF847392AE}
	EndGlobalSection
EndGlobal
