
Microsoft Visual Studio Solution File, Format Version 12.00
# Visual Studio Version 16
VisualStudioVersion = 16.0.31402.337
MinimumVisualStudioVersion = 10.0.40219.1
Project("{FAE04EC0-301F-11D3-BF4B-00C04F79EFBC}") = "TwinIngestionBetaFunctionApp", "TwinIngestionBetaFunctionApp.csproj", "{DBC89196-FB48-4325-A00F-6B12194E3F4C}"
EndProject
Global
	GlobalSection(SolutionConfigurationPlatforms) = preSolution
		Debug|Any CPU = Debug|Any CPU
		Release|Any CPU = Release|Any CPU
	EndGlobalSection
	GlobalSection(ProjectConfigurationPlatforms) = postSolution
		{DBC89196-FB48-4325-A00F-6B12194E3F4C}.Debug|Any CPU.ActiveCfg = Debug|Any CPU
		{DBC89196-FB48-4325-A00F-6B12194E3F4C}.Debug|Any CPU.Build.0 = Debug|Any CPU
		{DBC89196-FB48-4325-A00F-6B12194E3F4C}.Release|Any CPU.ActiveCfg = Release|Any CPU
		{DBC89196-FB48-4325-A00F-6B12194E3F4C}.Release|Any CPU.Build.0 = Release|Any CPU
	EndGlobalSection
	GlobalSection(SolutionProperties) = preSolution
		HideSolutionNode = FALSE
	EndGlobalSection
	GlobalSection(ExtensibilityGlobals) = postSolution
		SolutionGuid = {AC74DEFD-05FA-474A-B9A6-AE12D777619A}
	EndGlobalSection
EndGlobal
